// !$*UTF8*$!
{
	archiveVersion = 1;
	classes = {
	};
	objectVersion = 56;
	objects = {

/* Begin PBXBuildFile section */
		1A05A3AB2CCAD3D6006F3A50 /* FavClipViewController.swift in Sources */ = {isa = PBXBuildFile; fileRef = 1A05A3AA2CCAD3D6006F3A50 /* FavClipViewController.swift */; };
		1A67678B2CC8430900C6417F /* APIModel.swift in Sources */ = {isa = PBXBuildFile; fileRef = 1A67678A2CC8430900C6417F /* APIModel.swift */; };
		1A67678D2CC9BE4100C6417F /* MapPin.swift in Sources */ = {isa = PBXBuildFile; fileRef = 1A67678C2CC9BE4100C6417F /* MapPin.swift */; };
		1A9B5C832CC6B676004ABD59 /* Test1_Sage_Lawrence.xcdatamodeld in Sources */ = {isa = PBXBuildFile; fileRef = 1A9B5C812CC6B676004ABD59 /* Test1_Sage_Lawrence.xcdatamodeld */; };
		1A9B5C862CC6B6E0004ABD59 /* Watchlist+CoreDataClass.swift in Sources */ = {isa = PBXBuildFile; fileRef = 1A9B5C842CC6B6E0004ABD59 /* Watchlist+CoreDataClass.swift */; };
		1A9B5C872CC6B6E1004ABD59 /* Watchlist+CoreDataProperties.swift in Sources */ = {isa = PBXBuildFile; fileRef = 1A9B5C852CC6B6E0004ABD59 /* Watchlist+CoreDataProperties.swift */; };
		1A9B5C892CC6B90E004ABD59 /* CoreDataStack.swift in Sources */ = {isa = PBXBuildFile; fileRef = 1A9B5C882CC6B90E004ABD59 /* CoreDataStack.swift */; };
		1AA93CA92CC5D2C500EA0466 /* AppDelegate.swift in Sources */ = {isa = PBXBuildFile; fileRef = 1AA93CA82CC5D2C500EA0466 /* AppDelegate.swift */; };
		1AA93CAB2CC5D2C500EA0466 /* SceneDelegate.swift in Sources */ = {isa = PBXBuildFile; fileRef = 1AA93CAA2CC5D2C500EA0466 /* SceneDelegate.swift */; };
		1AA93CB02CC5D2C500EA0466 /* Base in Resources */ = {isa = PBXBuildFile; fileRef = 1AA93CAF2CC5D2C500EA0466 /* Base */; };
		1AA93CB52CC5D2C700EA0466 /* Assets.xcassets in Resources */ = {isa = PBXBuildFile; fileRef = 1AA93CB42CC5D2C700EA0466 /* Assets.xcassets */; };
		1AA93CB82CC5D2C700EA0466 /* Base in Resources */ = {isa = PBXBuildFile; fileRef = 1AA93CB72CC5D2C700EA0466 /* Base */; };
		1AA93CC32CC5DA6000EA0466 /* ActionFlicksViewController.swift in Sources */ = {isa = PBXBuildFile; fileRef = 1AA93CC22CC5DA6000EA0466 /* ActionFlicksViewController.swift */; };
		1AA93CC52CC5DA6900EA0466 /* InformationViewController.swift in Sources */ = {isa = PBXBuildFile; fileRef = 1AA93CC42CC5DA6900EA0466 /* InformationViewController.swift */; };
		1AA93CC72CC5DA7700EA0466 /* WatchListViewController.swift in Sources */ = {isa = PBXBuildFile; fileRef = 1AA93CC62CC5DA7700EA0466 /* WatchListViewController.swift */; };
		1AA93CC92CC5DB3600EA0466 /* CollectionViewCell.swift in Sources */ = {isa = PBXBuildFile; fileRef = 1AA93CC82CC5DB3600EA0466 /* CollectionViewCell.swift */; };
		1AA93CCB2CC6B07E00EA0466 /* ClipViewController.swift in Sources */ = {isa = PBXBuildFile; fileRef = 1AA93CCA2CC6B07E00EA0466 /* ClipViewController.swift */; };
		1AA93CCD2CC6B11D00EA0466 /* MapViewController.swift in Sources */ = {isa = PBXBuildFile; fileRef = 1AA93CCC2CC6B11D00EA0466 /* MapViewController.swift */; };
/* End PBXBuildFile section */

/* Begin PBXFileReference section */
		1A05A3AA2CCAD3D6006F3A50 /* FavClipViewController.swift */ = {isa = PBXFileReference; lastKnownFileType = sourcecode.swift; path = FavClipViewController.swift; sourceTree = "<group>"; };
		1A67678A2CC8430900C6417F /* APIModel.swift */ = {isa = PBXFileReference; lastKnownFileType = sourcecode.swift; path = APIModel.swift; sourceTree = "<group>"; };
		1A67678C2CC9BE4100C6417F /* MapPin.swift */ = {isa = PBXFileReference; lastKnownFileType = sourcecode.swift; path = MapPin.swift; sourceTree = "<group>"; };
		1A9B5C822CC6B676004ABD59 /* Test1_Sage_Lawrence.xcdatamodel */ = {isa = PBXFileReference; lastKnownFileType = wrapper.xcdatamodel; path = Test1_Sage_Lawrence.xcdatamodel; sourceTree = "<group>"; };
		1A9B5C842CC6B6E0004ABD59 /* Watchlist+CoreDataClass.swift */ = {isa = PBXFileReference; fileEncoding = 4; lastKnownFileType = sourcecode.swift; path = "Watchlist+CoreDataClass.swift"; sourceTree = "<group>"; };
		1A9B5C852CC6B6E0004ABD59 /* Watchlist+CoreDataProperties.swift */ = {isa = PBXFileReference; fileEncoding = 4; lastKnownFileType = sourcecode.swift; path = "Watchlist+CoreDataProperties.swift"; sourceTree = "<group>"; };
		1A9B5C882CC6B90E004ABD59 /* CoreDataStack.swift */ = {isa = PBXFileReference; lastKnownFileType = sourcecode.swift; path = CoreDataStack.swift; sourceTree = "<group>"; };
		1AA93CA52CC5D2C500EA0466 /* Test1_Sage_Lawrence.app */ = {isa = PBXFileReference; explicitFileType = wrapper.application; includeInIndex = 0; path = Test1_Sage_Lawrence.app; sourceTree = BUILT_PRODUCTS_DIR; };
		1AA93CA82CC5D2C500EA0466 /* AppDelegate.swift */ = {isa = PBXFileReference; lastKnownFileType = sourcecode.swift; path = AppDelegate.swift; sourceTree = "<group>"; };
		1AA93CAA2CC5D2C500EA0466 /* SceneDelegate.swift */ = {isa = PBXFileReference; lastKnownFileType = sourcecode.swift; path = SceneDelegate.swift; sourceTree = "<group>"; };
		1AA93CAF2CC5D2C500EA0466 /* Base */ = {isa = PBXFileReference; lastKnownFileType = file.storyboard; name = Base; path = Base.lproj/Main.storyboard; sourceTree = "<group>"; };
		1AA93CB42CC5D2C700EA0466 /* Assets.xcassets */ = {isa = PBXFileReference; lastKnownFileType = folder.assetcatalog; path = Assets.xcassets; sourceTree = "<group>"; };
		1AA93CB72CC5D2C700EA0466 /* Base */ = {isa = PBXFileReference; lastKnownFileType = file.storyboard; name = Base; path = Base.lproj/LaunchScreen.storyboard; sourceTree = "<group>"; };
		1AA93CB92CC5D2C700EA0466 /* Info.plist */ = {isa = PBXFileReference; lastKnownFileType = text.plist.xml; path = Info.plist; sourceTree = "<group>"; };
		1AA93CC22CC5DA6000EA0466 /* ActionFlicksViewController.swift */ = {isa = PBXFileReference; lastKnownFileType = sourcecode.swift; path = ActionFlicksViewController.swift; sourceTree = "<group>"; };
		1AA93CC42CC5DA6900EA0466 /* InformationViewController.swift */ = {isa = PBXFileReference; lastKnownFileType = sourcecode.swift; path = InformationViewController.swift; sourceTree = "<group>"; };
		1AA93CC62CC5DA7700EA0466 /* WatchListViewController.swift */ = {isa = PBXFileReference; lastKnownFileType = sourcecode.swift; path = WatchListViewController.swift; sourceTree = "<group>"; };
		1AA93CC82CC5DB3600EA0466 /* CollectionViewCell.swift */ = {isa = PBXFileReference; lastKnownFileType = sourcecode.swift; path = CollectionViewCell.swift; sourceTree = "<group>"; };
		1AA93CCA2CC6B07E00EA0466 /* ClipViewController.swift */ = {isa = PBXFileReference; lastKnownFileType = sourcecode.swift; path = ClipViewController.swift; sourceTree = "<group>"; };
		1AA93CCC2CC6B11D00EA0466 /* MapViewController.swift */ = {isa = PBXFileReference; lastKnownFileType = sourcecode.swift; path = MapViewController.swift; sourceTree = "<group>"; };
/* End PBXFileReference section */

/* Begin PBXFrameworksBuildPhase section */
		1AA93CA22CC5D2C500EA0466 /* Frameworks */ = {
			isa = PBXFrameworksBuildPhase;
			buildActionMask = 2147483647;
			files = (
			);
			runOnlyForDeploymentPostprocessing = 0;
		};
/* End PBXFrameworksBuildPhase section */

/* Begin PBXGroup section */
		1AA93C9C2CC5D2C500EA0466 = {
			isa = PBXGroup;
			children = (
				1AA93CA72CC5D2C500EA0466 /* Test1_Sage_Lawrence */,
				1AA93CA62CC5D2C500EA0466 /* Products */,
			);
			sourceTree = "<group>";
		};
		1AA93CA62CC5D2C500EA0466 /* Products */ = {
			isa = PBXGroup;
			children = (
				1AA93CA52CC5D2C500EA0466 /* Test1_Sage_Lawrence.app */,
			);
			name = Products;
			sourceTree = "<group>";
		};
		1AA93CA72CC5D2C500EA0466 /* Test1_Sage_Lawrence */ = {
			isa = PBXGroup;
			children = (
				1AA93CD22CC6B57700EA0466 /* CoreData */,
				1AA93CC12CC5D2E300EA0466 /* Delegates */,
				1AA93CBF2CC5D2D600EA0466 /* Storyboards */,
				1AA93CC02CC5D2DC00EA0466 /* View Controllers */,
				1A67678A2CC8430900C6417F /* APIModel.swift */,
				1AA93CB42CC5D2C700EA0466 /* Assets.xcassets */,
				1AA93CB92CC5D2C700EA0466 /* Info.plist */,
				1A67678C2CC9BE4100C6417F /* MapPin.swift */,
			);
			path = Test1_Sage_Lawrence;
			sourceTree = "<group>";
		};
		1AA93CBF2CC5D2D600EA0466 /* Storyboards */ = {
			isa = PBXGroup;
			children = (
				1AA93CAE2CC5D2C500EA0466 /* Main.storyboard */,
				1AA93CB62CC5D2C700EA0466 /* LaunchScreen.storyboard */,
			);
			path = Storyboards;
			sourceTree = "<group>";
		};
		1AA93CC02CC5D2DC00EA0466 /* View Controllers */ = {
			isa = PBXGroup;
			children = (
				1AA93CC22CC5DA6000EA0466 /* ActionFlicksViewController.swift */,
				1AA93CC42CC5DA6900EA0466 /* InformationViewController.swift */,
				1AA93CC62CC5DA7700EA0466 /* WatchListViewController.swift */,
				1AA93CC82CC5DB3600EA0466 /* CollectionViewCell.swift */,
				1AA93CCA2CC6B07E00EA0466 /* ClipViewController.swift */,
				1AA93CCC2CC6B11D00EA0466 /* MapViewController.swift */,
				1A05A3AA2CCAD3D6006F3A50 /* FavClipViewController.swift */,
			);
			path = "View Controllers";
			sourceTree = "<group>";
		};
		1AA93CC12CC5D2E300EA0466 /* Delegates */ = {
			isa = PBXGroup;
			children = (
				1AA93CA82CC5D2C500EA0466 /* AppDelegate.swift */,
				1AA93CAA2CC5D2C500EA0466 /* SceneDelegate.swift */,
			);
			path = Delegates;
			sourceTree = "<group>";
		};
		1AA93CD22CC6B57700EA0466 /* CoreData */ = {
			isa = PBXGroup;
			children = (
				1A9B5C812CC6B676004ABD59 /* Test1_Sage_Lawrence.xcdatamodeld */,
				1A9B5C842CC6B6E0004ABD59 /* Watchlist+CoreDataClass.swift */,
				1A9B5C852CC6B6E0004ABD59 /* Watchlist+CoreDataProperties.swift */,
				1A9B5C882CC6B90E004ABD59 /* CoreDataStack.swift */,
			);
			path = CoreData;
			sourceTree = "<group>";
		};
/* End PBXGroup section */

/* Begin PBXNativeTarget section */
		1AA93CA42CC5D2C500EA0466 /* Test1_Sage_Lawrence */ = {
			isa = PBXNativeTarget;
			buildConfigurationList = 1AA93CBC2CC5D2C700EA0466 /* Build configuration list for PBXNativeTarget "Test1_Sage_Lawrence" */;
			buildPhases = (
				1AA93CA12CC5D2C500EA0466 /* Sources */,
				1AA93CA22CC5D2C500EA0466 /* Frameworks */,
				1AA93CA32CC5D2C500EA0466 /* Resources */,
			);
			buildRules = (
			);
			dependencies = (
			);
			name = Test1_Sage_Lawrence;
			productName = Test1_Sage_Lawrence;
			productReference = 1AA93CA52CC5D2C500EA0466 /* Test1_Sage_Lawrence.app */;
			productType = "com.apple.product-type.application";
		};
/* End PBXNativeTarget section */

/* Begin PBXProject section */
		1AA93C9D2CC5D2C500EA0466 /* Project object */ = {
			isa = PBXProject;
			attributes = {
				BuildIndependentTargetsInParallel = 1;
				LastSwiftUpdateCheck = 1540;
				LastUpgradeCheck = 1540;
				TargetAttributes = {
					1AA93CA42CC5D2C500EA0466 = {
						CreatedOnToolsVersion = 15.4;
					};
				};
			};
			buildConfigurationList = 1AA93CA02CC5D2C500EA0466 /* Build configuration list for PBXProject "Test1_Sage_Lawrence" */;
			compatibilityVersion = "Xcode 14.0";
			developmentRegion = en;
			hasScannedForEncodings = 0;
			knownRegions = (
				en,
				Base,
			);
			mainGroup = 1AA93C9C2CC5D2C500EA0466;
			productRefGroup = 1AA93CA62CC5D2C500EA0466 /* Products */;
			projectDirPath = "";
			projectRoot = "";
			targets = (
				1AA93CA42CC5D2C500EA0466 /* Test1_Sage_Lawrence */,
			);
		};
/* End PBXProject section */

/* Begin PBXResourcesBuildPhase section */
		1AA93CA32CC5D2C500EA0466 /* Resources */ = {
			isa = PBXResourcesBuildPhase;
			buildActionMask = 2147483647;
			files = (
				1AA93CB52CC5D2C700EA0466 /* Assets.xcassets in Resources */,
				1AA93CB82CC5D2C700EA0466 /* Base in Resources */,
				1AA93CB02CC5D2C500EA0466 /* Base in Resources */,
			);
			runOnlyForDeploymentPostprocessing = 0;
		};
/* End PBXResourcesBuildPhase section */

/* Begin PBXSourcesBuildPhase section */
		1AA93CA12CC5D2C500EA0466 /* Sources */ = {
			isa = PBXSourcesBuildPhase;
			buildActionMask = 2147483647;
			files = (
				1A67678B2CC8430900C6417F /* APIModel.swift in Sources */,
				1A05A3AB2CCAD3D6006F3A50 /* FavClipViewController.swift in Sources */,
				1AA93CC32CC5DA6000EA0466 /* ActionFlicksViewController.swift in Sources */,
				1A67678D2CC9BE4100C6417F /* MapPin.swift in Sources */,
				1AA93CCB2CC6B07E00EA0466 /* ClipViewController.swift in Sources */,
				1AA93CA92CC5D2C500EA0466 /* AppDelegate.swift in Sources */,
				1A9B5C892CC6B90E004ABD59 /* CoreDataStack.swift in Sources */,
				1AA93CCD2CC6B11D00EA0466 /* MapViewController.swift in Sources */,
				1AA93CC92CC5DB3600EA0466 /* CollectionViewCell.swift in Sources */,
				1A9B5C862CC6B6E0004ABD59 /* Watchlist+CoreDataClass.swift in Sources */,
				1AA93CAB2CC5D2C500EA0466 /* SceneDelegate.swift in Sources */,
				1A9B5C832CC6B676004ABD59 /* Test1_Sage_Lawrence.xcdatamodeld in Sources */,
				1AA93CC72CC5DA7700EA0466 /* WatchListViewController.swift in Sources */,
				1A9B5C872CC6B6E1004ABD59 /* Watchlist+CoreDataProperties.swift in Sources */,
				1AA93CC52CC5DA6900EA0466 /* InformationViewController.swift in Sources */,
			);
			runOnlyForDeploymentPostprocessing = 0;
		};
/* End PBXSourcesBuildPhase section */

/* Begin PBXVariantGroup section */
		1AA93CAE2CC5D2C500EA0466 /* Main.storyboard */ = {
			isa = PBXVariantGroup;
			children = (
				1AA93CAF2CC5D2C500EA0466 /* Base */,
			);
			name = Main.storyboard;
			sourceTree = "<group>";
		};
		1AA93CB62CC5D2C700EA0466 /* LaunchScreen.storyboard */ = {
			isa = PBXVariantGroup;
			children = (
				1AA93CB72CC5D2C700EA0466 /* Base */,
			);
			name = LaunchScreen.storyboard;
			sourceTree = "<group>";
		};
/* End PBXVariantGroup section */

/* Begin XCBuildConfiguration section */
		1AA93CBA2CC5D2C700EA0466 /* Debug */ = {
			isa = XCBuildConfiguration;
			buildSettings = {
				ALWAYS_SEARCH_USER_PATHS = NO;
				ASSETCATALOG_COMPILER_GENERATE_SWIFT_ASSET_SYMBOL_EXTENSIONS = YES;
				CLANG_ANALYZER_NONNULL = YES;
				CLANG_ANALYZER_NUMBER_OBJECT_CONVERSION = YES_AGGRESSIVE;
				CLANG_CXX_LANGUAGE_STANDARD = "gnu++20";
				CLANG_ENABLE_MODULES = YES;
				CLANG_ENABLE_OBJC_ARC = YES;
				CLANG_ENABLE_OBJC_WEAK = YES;
				CLANG_WARN_BLOCK_CAPTURE_AUTORELEASING = YES;
				CLANG_WARN_BOOL_CONVERSION = YES;
				CLANG_WARN_COMMA = YES;
				CLANG_WARN_CONSTANT_CONVERSION = YES;
				CLANG_WARN_DEPRECATED_OBJC_IMPLEMENTATIONS = YES;
				CLANG_WARN_DIRECT_OBJC_ISA_USAGE = YES_ERROR;
				CLANG_WARN_DOCUMENTATION_COMMENTS = YES;
				CLANG_WARN_EMPTY_BODY = YES;
				CLANG_WARN_ENUM_CONVERSION = YES;
				CLANG_WARN_INFINITE_RECURSION = YES;
				CLANG_WARN_INT_CONVERSION = YES;
				CLANG_WARN_NON_LITERAL_NULL_CONVERSION = YES;
				CLANG_WARN_OBJC_IMPLICIT_RETAIN_SELF = YES;
				CLANG_WARN_OBJC_LITERAL_CONVERSION = YES;
				CLANG_WARN_OBJC_ROOT_CLASS = YES_ERROR;
				CLANG_WARN_QUOTED_INCLUDE_IN_FRAMEWORK_HEADER = YES;
				CLANG_WARN_RANGE_LOOP_ANALYSIS = YES;
				CLANG_WARN_STRICT_PROTOTYPES = YES;
				CLANG_WARN_SUSPICIOUS_MOVE = YES;
				CLANG_WARN_UNGUARDED_AVAILABILITY = YES_AGGRESSIVE;
				CLANG_WARN_UNREACHABLE_CODE = YES;
				CLANG_WARN__DUPLICATE_METHOD_MATCH = YES;
				COPY_PHASE_STRIP = NO;
				DEBUG_INFORMATION_FORMAT = dwarf;
				ENABLE_STRICT_OBJC_MSGSEND = YES;
				ENABLE_TESTABILITY = YES;
				ENABLE_USER_SCRIPT_SANDBOXING = YES;
				GCC_C_LANGUAGE_STANDARD = gnu17;
				GCC_DYNAMIC_NO_PIC = NO;
				GCC_NO_COMMON_BLOCKS = YES;
				GCC_OPTIMIZATION_LEVEL = 0;
				GCC_PREPROCESSOR_DEFINITIONS = (
					"DEBUG=1",
					"$(inherited)",
				);
				GCC_WARN_64_TO_32_BIT_CONVERSION = YES;
				GCC_WARN_ABOUT_RETURN_TYPE = YES_ERROR;
				GCC_WARN_UNDECLARED_SELECTOR = YES;
				GCC_WARN_UNINITIALIZED_AUTOS = YES_AGGRESSIVE;
				GCC_WARN_UNUSED_FUNCTION = YES;
				GCC_WARN_UNUSED_VARIABLE = YES;
				IPHONEOS_DEPLOYMENT_TARGET = 17.5;
				LOCALIZATION_PREFERS_STRING_CATALOGS = YES;
				MTL_ENABLE_DEBUG_INFO = INCLUDE_SOURCE;
				MTL_FAST_MATH = YES;
				ONLY_ACTIVE_ARCH = YES;
				SDKROOT = iphoneos;
				SWIFT_ACTIVE_COMPILATION_CONDITIONS = "DEBUG $(inherited)";
				SWIFT_OPTIMIZATION_LEVEL = "-Onone";
			};
			name = Debug;
		};
		1AA93CBB2CC5D2C700EA0466 /* Release */ = {
			isa = XCBuildConfiguration;
			buildSettings = {
				ALWAYS_SEARCH_USER_PATHS = NO;
				ASSETCATALOG_COMPILER_GENERATE_SWIFT_ASSET_SYMBOL_EXTENSIONS = YES;
				CLANG_ANALYZER_NONNULL = YES;
				CLANG_ANALYZER_NUMBER_OBJECT_CONVERSION = YES_AGGRESSIVE;
				CLANG_CXX_LANGUAGE_STANDARD = "gnu++20";
				CLANG_ENABLE_MODULES = YES;
				CLANG_ENABLE_OBJC_ARC = YES;
				CLANG_ENABLE_OBJC_WEAK = YES;
				CLANG_WARN_BLOCK_CAPTURE_AUTORELEASING = YES;
				CLANG_WARN_BOOL_CONVERSION = YES;
				CLANG_WARN_COMMA = YES;
				CLANG_WARN_CONSTANT_CONVERSION = YES;
				CLANG_WARN_DEPRECATED_OBJC_IMPLEMENTATIONS = YES;
				CLANG_WARN_DIRECT_OBJC_ISA_USAGE = YES_ERROR;
				CLANG_WARN_DOCUMENTATION_COMMENTS = YES;
				CLANG_WARN_EMPTY_BODY = YES;
				CLANG_WARN_ENUM_CONVERSION = YES;
				CLANG_WARN_INFINITE_RECURSION = YES;
				CLANG_WARN_INT_CONVERSION = YES;
				CLANG_WARN_NON_LITERAL_NULL_CONVERSION = YES;
				CLANG_WARN_OBJC_IMPLICIT_RETAIN_SELF = YES;
				CLANG_WARN_OBJC_LITERAL_CONVERSION = YES;
				CLANG_WARN_OBJC_ROOT_CLASS = YES_ERROR;
				CLANG_WARN_QUOTED_INCLUDE_IN_FRAMEWORK_HEADER = YES;
				CLANG_WARN_RANGE_LOOP_ANALYSIS = YES;
				CLANG_WARN_STRICT_PROTOTYPES = YES;
				CLANG_WARN_SUSPICIOUS_MOVE = YES;
				CLANG_WARN_UNGUARDED_AVAILABILITY = YES_AGGRESSIVE;
				CLANG_WARN_UNREACHABLE_CODE = YES;
				CLANG_WARN__DUPLICATE_METHOD_MATCH = YES;
				COPY_PHASE_STRIP = NO;
				DEBUG_INFORMATION_FORMAT = "dwarf-with-dsym";
				ENABLE_NS_ASSERTIONS = NO;
				ENABLE_STRICT_OBJC_MSGSEND = YES;
				ENABLE_USER_SCRIPT_SANDBOXING = YES;
				GCC_C_LANGUAGE_STANDARD = gnu17;
				GCC_NO_COMMON_BLOCKS = YES;
				GCC_WARN_64_TO_32_BIT_CONVERSION = YES;
				GCC_WARN_ABOUT_RETURN_TYPE = YES_ERROR;
				GCC_WARN_UNDECLARED_SELECTOR = YES;
				GCC_WARN_UNINITIALIZED_AUTOS = YES_AGGRESSIVE;
				GCC_WARN_UNUSED_FUNCTION = YES;
				GCC_WARN_UNUSED_VARIABLE = YES;
				IPHONEOS_DEPLOYMENT_TARGET = 17.5;
				LOCALIZATION_PREFERS_STRING_CATALOGS = YES;
				MTL_ENABLE_DEBUG_INFO = NO;
				MTL_FAST_MATH = YES;
				SDKROOT = iphoneos;
				SWIFT_COMPILATION_MODE = wholemodule;
				VALIDATE_PRODUCT = YES;
			};
			name = Release;
		};
		1AA93CBD2CC5D2C700EA0466 /* Debug */ = {
			isa = XCBuildConfiguration;
			buildSettings = {
				ASSETCATALOG_COMPILER_APPICON_NAME = AppIcon;
				ASSETCATALOG_COMPILER_GLOBAL_ACCENT_COLOR_NAME = AccentColor;
				CODE_SIGN_STYLE = Automatic;
				CURRENT_PROJECT_VERSION = 1;
				DEVELOPMENT_TEAM = R94VDXA47G;
				GENERATE_INFOPLIST_FILE = YES;
				INFOPLIST_FILE = Test1_Sage_Lawrence/Info.plist;
				INFOPLIST_KEY_UIApplicationSupportsIndirectInputEvents = YES;
				INFOPLIST_KEY_UILaunchStoryboardName = LaunchScreen;
				INFOPLIST_KEY_UIMainStoryboardFile = Main;
				INFOPLIST_KEY_UISupportedInterfaceOrientations_iPad = "UIInterfaceOrientationPortrait UIInterfaceOrientationPortraitUpsideDown UIInterfaceOrientationLandscapeLeft UIInterfaceOrientationLandscapeRight";
				INFOPLIST_KEY_UISupportedInterfaceOrientations_iPhone = "UIInterfaceOrientationPortrait UIInterfaceOrientationLandscapeLeft UIInterfaceOrientationLandscapeRight";
				LD_RUNPATH_SEARCH_PATHS = (
					"$(inherited)",
					"@executable_path/Frameworks",
				);
				MARKETING_VERSION = 1.0;
				PRODUCT_BUNDLE_IDENTIFIER = "com.gmail.sagerella04.Test1-Sage-Lawrence";
				PRODUCT_NAME = "$(TARGET_NAME)";
				SWIFT_EMIT_LOC_STRINGS = YES;
				SWIFT_VERSION = 5.0;
				TARGETED_DEVICE_FAMILY = "1,2";
			};
			name = Debug;
		};
		1AA93CBE2CC5D2C700EA0466 /* Release */ = {
			isa = XCBuildConfiguration;
			buildSettings = {
				ASSETCATALOG_COMPILER_APPICON_NAME = AppIcon;
				ASSETCATALOG_COMPILER_GLOBAL_ACCENT_COLOR_NAME = AccentColor;
				CODE_SIGN_STYLE = Automatic;
				CURRENT_PROJECT_VERSION = 1;
				DEVELOPMENT_TEAM = R94VDXA47G;
				GENERATE_INFOPLIST_FILE = YES;
				INFOPLIST_FILE = Test1_Sage_Lawrence/Info.plist;
				INFOPLIST_KEY_UIApplicationSupportsIndirectInputEvents = YES;
				INFOPLIST_KEY_UILaunchStoryboardName = LaunchScreen;
				INFOPLIST_KEY_UIMainStoryboardFile = Main;
				INFOPLIST_KEY_UISupportedInterfaceOrientations_iPad = "UIInterfaceOrientationPortrait UIInterfaceOrientationPortraitUpsideDown UIInterfaceOrientationLandscapeLeft UIInterfaceOrientationLandscapeRight";
				INFOPLIST_KEY_UISupportedInterfaceOrientations_iPhone = "UIInterfaceOrientationPortrait UIInterfaceOrientationLandscapeLeft UIInterfaceOrientationLandscapeRight";
				LD_RUNPATH_SEARCH_PATHS = (
					"$(inherited)",
					"@executable_path/Frameworks",
				);
				MARKETING_VERSION = 1.0;
				PRODUCT_BUNDLE_IDENTIFIER = "com.gmail.sagerella04.Test1-Sage-Lawrence";
				PRODUCT_NAME = "$(TARGET_NAME)";
				SWIFT_EMIT_LOC_STRINGS = YES;
				SWIFT_VERSION = 5.0;
				TARGETED_DEVICE_FAMILY = "1,2";
			};
			name = Release;
		};
/* End XCBuildConfiguration section */

/* Begin XCConfigurationList section */
		1AA93CA02CC5D2C500EA0466 /* Build configuration list for PBXProject "Test1_Sage_Lawrence" */ = {
			isa = XCConfigurationList;
			buildConfigurations = (
				1AA93CBA2CC5D2C700EA0466 /* Debug */,
				1AA93CBB2CC5D2C700EA0466 /* Release */,
			);
			defaultConfigurationIsVisible = 0;
			defaultConfigurationName = Release;
		};
		1AA93CBC2CC5D2C700EA0466 /* Build configuration list for PBXNativeTarget "Test1_Sage_Lawrence" */ = {
			isa = XCConfigurationList;
			buildConfigurations = (
				1AA93CBD2CC5D2C700EA0466 /* Debug */,
				1AA93CBE2CC5D2C700EA0466 /* Release */,
			);
			defaultConfigurationIsVisible = 0;
			defaultConfigurationName = Release;
		};
/* End XCConfigurationList section */

/* Begin XCVersionGroup section */
		1A9B5C812CC6B676004ABD59 /* Test1_Sage_Lawrence.xcdatamodeld */ = {
			isa = XCVersionGroup;
			children = (
				1A9B5C822CC6B676004ABD59 /* Test1_Sage_Lawrence.xcdatamodel */,
			);
			currentVersion = 1A9B5C822CC6B676004ABD59 /* Test1_Sage_Lawrence.xcdatamodel */;
			path = Test1_Sage_Lawrence.xcdatamodeld;
			sourceTree = "<group>";
			versionGroupType = wrapper.xcdatamodel;
		};
/* End XCVersionGroup section */
	};
	rootObject = 1AA93C9D2CC5D2C500EA0466 /* Project object */;
}
